
Microsoft Visual Studio Solution File, Format Version 12.00
# Visual Studio Version 16
VisualStudioVersion = 16.0.33801.447
MinimumVisualStudioVersion = 10.0.40219.1
Project("{FAE04EC0-301F-11D3-BF4B-00C04F79EFBC}") = "jewellry", "jewellry\jewellry.csproj", "{5FD0F132-18CF-402C-A000-2B38ACB9708D}"
EndProject
Global
	GlobalSection(SolutionConfigurationPlatforms) = preSolution
		Debug|Any CPU = Debug|Any CPU
		Release|Any CPU = Release|Any CPU
	EndGlobalSection
	GlobalSection(ProjectConfigurationPlatforms) = postSolution
		{5FD0F132-18CF-402C-A000-2B38ACB9708D}.Debug|Any CPU.ActiveCfg = Debug|Any CPU
		{5FD0F132-18CF-402C-A000-2B38ACB9708D}.Debug|Any CPU.Build.0 = Debug|Any CPU
		{5FD0F132-18CF-402C-A000-2B38ACB9708D}.Release|Any CPU.ActiveCfg = Release|Any CPU
		{5FD0F132-18CF-402C-A000-2B38ACB9708D}.Release|Any CPU.Build.0 = Release|Any CPU
	EndGlobalSection
	GlobalSection(SolutionProperties) = preSolution
		HideSolutionNode = FALSE
	EndGlobalSection
	GlobalSection(ExtensibilityGlobals) = postSolution
		SolutionGuid = {3215CBC8-991B-4213-86DA-27FCFE49CD5B}
	EndGlobalSection
EndGlobal
